
Microsoft Visual Studio Solution File, Format Version 12.00
# Visual Studio 2013
VisualStudioVersion = 12.0.30501.0
MinimumVisualStudioVersion = 10.0.40219.1
Project("{FAE04EC0-301F-11D3-BF4B-00C04F79EFBC}") = "platypi-cli", "platypi-cli\platypi-cli.csproj", "{81B0F21A-464B-429F-B904-F6782C2BDE3C}"
EndProject
Project("{2150E333-8FDC-42A3-9474-1A3956D46DE8}") = "Solution Items", "Solution Items", "{723AB3FA-B1C8-4F1B-9A72-366EF5871BCB}"
	ProjectSection(SolutionItems) = preProject
		.gitignore = .gitignore
		package.json = package.json
	EndProjectSection
EndProject
Project("{2150E333-8FDC-42A3-9474-1A3956D46DE8}") = "tests", "tests", "{A4787835-84F9-4422-A57A-9D1394561FB0}"
	ProjectSection(SolutionItems) = preProject
		tests\config.finder.test.js = tests\config.finder.test.js
		tests\config.validator.test.js = tests\config.validator.test.js
		tests\directory.utils.test.js = tests\directory.utils.test.js
		tests\github.helper.test.js = tests\github.helper.test.js
	EndProjectSection
EndProject
Global
	GlobalSection(SolutionConfigurationPlatforms) = preSolution
		Debug|Any CPU = Debug|Any CPU
		Release|Any CPU = Release|Any CPU
	EndGlobalSection
	GlobalSection(ProjectConfigurationPlatforms) = postSolution
		{81B0F21A-464B-429F-B904-F6782C2BDE3C}.Debug|Any CPU.ActiveCfg = Debug|Any CPU
		{81B0F21A-464B-429F-B904-F6782C2BDE3C}.Debug|Any CPU.Build.0 = Debug|Any CPU
		{81B0F21A-464B-429F-B904-F6782C2BDE3C}.Release|Any CPU.ActiveCfg = Release|Any CPU
		{81B0F21A-464B-429F-B904-F6782C2BDE3C}.Release|Any CPU.Build.0 = Release|Any CPU
	EndGlobalSection
	GlobalSection(SolutionProperties) = preSolution
		HideSolutionNode = FALSE
	EndGlobalSection
EndGlobal
